
Microsoft Visual Studio Solution File, Format Version 12.00
# Visual Studio Version 18
VisualStudioVersion = 18.3.11312.210
MinimumVisualStudioVersion = 10.0.40219.1
Project("{FAE04EC0-301F-11D3-BF4B-00C04F79EFBC}") = "CiscoPCCE.Toolkit", "CiscoPCCE.Toolkit\CiscoPCCE.Toolkit.csproj", "{99064223-1EA7-6A5B-20FB-4BA526356BD6}"
EndProject
Project("{2150E333-8FDC-42A3-9474-1A3956D46DE8}") = "JavaSrc", "JavaSrc", "{8F2F9433-2581-454B-8208-04BBE1B07229}"
EndProject
Project("{2150E333-8FDC-42A3-9474-1A3956D46DE8}") = "toolkit", "toolkit", "{FD777FDC-2AF1-4DBB-8298-684E55643927}"
	ProjectSection(SolutionItems) = preProject
		JavaSrc\toolkit\ApiError.java = JavaSrc\toolkit\ApiError.java
		JavaSrc\toolkit\ApiErrors.java = JavaSrc\toolkit\ApiErrors.java
		JavaSrc\toolkit\ApiException.java = JavaSrc\toolkit\ApiException.java
		JavaSrc\toolkit\BaseApiBean.java = JavaSrc\toolkit\BaseApiBean.java
		JavaSrc\toolkit\BaseApiListBean.java = JavaSrc\toolkit\BaseApiListBean.java
		JavaSrc\toolkit\BaseBean.java = JavaSrc\toolkit\BaseBean.java
		JavaSrc\toolkit\InitializationResult.java = JavaSrc\toolkit\InitializationResult.java
		JavaSrc\toolkit\ReferenceBean.java = JavaSrc\toolkit\ReferenceBean.java
		JavaSrc\toolkit\RESTClient.java = JavaSrc\toolkit\RESTClient.java
		JavaSrc\toolkit\VMHostRef.java = JavaSrc\toolkit\VMHostRef.java
	EndProjectSection
EndProject
Project("{2150E333-8FDC-42A3-9474-1A3956D46DE8}") = "web", "web", "{3617A668-02CE-408D-A7EC-4E882D271C85}"
	ProjectSection(SolutionItems) = preProject
		JavaSrc\web\CSVReaderDemo.html = JavaSrc\web\CSVReaderDemo.html
	EndProjectSection
EndProject
Project("{2150E333-8FDC-42A3-9474-1A3956D46DE8}") = "examples", "examples", "{93D324BC-3E70-42C4-9182-18C470D290CD}"
	ProjectSection(SolutionItems) = preProject
		JavaSrc\examples\AgentAttributeDemo.java = JavaSrc\examples\AgentAttributeDemo.java
		JavaSrc\examples\AgentSkillGroupDemo.java = JavaSrc\examples\AgentSkillGroupDemo.java
		JavaSrc\examples\BucketIntervalDemo.java = JavaSrc\examples\BucketIntervalDemo.java
		JavaSrc\examples\BusinessHoursDemo.java = JavaSrc\examples\BusinessHoursDemo.java
		JavaSrc\examples\CampaignDemo.java = JavaSrc\examples\CampaignDemo.java
		JavaSrc\examples\CCAIConfigDemo.java = JavaSrc\examples\CCAIConfigDemo.java
		JavaSrc\examples\DemoUtils.java = JavaSrc\examples\DemoUtils.java
		JavaSrc\examples\DNCDemo.java = JavaSrc\examples\DNCDemo.java
		JavaSrc\examples\EnableAgentServiceDemo.java = JavaSrc\examples\EnableAgentServiceDemo.java
		JavaSrc\examples\EnableDigitalAgentsDemo.java = JavaSrc\examples\EnableDigitalAgentsDemo.java
		JavaSrc\examples\ImportDemo.java = JavaSrc\examples\ImportDemo.java
		JavaSrc\examples\InitializeDemo.java = JavaSrc\examples\InitializeDemo.java
		JavaSrc\examples\InitializeDemoTest.java = JavaSrc\examples\InitializeDemoTest.java
		JavaSrc\examples\PersonalCallbackDemo.java = JavaSrc\examples\PersonalCallbackDemo.java
	EndProjectSection
EndProject
Project("{2150E333-8FDC-42A3-9474-1A3956D46DE8}") = "bean", "bean", "{1A8AB829-082B-4F80-9F86-C6DABD5FF5E1}"
	ProjectSection(SolutionItems) = preProject
		JavaSrc\toolkit\bean\Access.java = JavaSrc\toolkit\bean\Access.java
		JavaSrc\toolkit\bean\ActiveDirectoryDomain.java = JavaSrc\toolkit\bean\ActiveDirectoryDomain.java
		JavaSrc\toolkit\bean\ActiveDirectoryDomainList.java = JavaSrc\toolkit\bean\ActiveDirectoryDomainList.java
		JavaSrc\toolkit\bean\AddressType.java = JavaSrc\toolkit\bean\AddressType.java
		JavaSrc\toolkit\bean\AdExceptionErrorDetail.java = JavaSrc\toolkit\bean\AdExceptionErrorDetail.java
		JavaSrc\toolkit\bean\Administrator.java = JavaSrc\toolkit\bean\Administrator.java
		JavaSrc\toolkit\bean\AdministratorList.java = JavaSrc\toolkit\bean\AdministratorList.java
		JavaSrc\toolkit\bean\ADNameUsedApiErrorDetail.java = JavaSrc\toolkit\bean\ADNameUsedApiErrorDetail.java
		JavaSrc\toolkit\bean\Agent.java = JavaSrc\toolkit\bean\Agent.java
		JavaSrc\toolkit\bean\AgentBase.java = JavaSrc\toolkit\bean\AgentBase.java
		JavaSrc\toolkit\bean\AgentDataCenterSetting.java = JavaSrc\toolkit\bean\AgentDataCenterSetting.java
		JavaSrc\toolkit\bean\AgentDeskSetting.java = JavaSrc\toolkit\bean\AgentDeskSetting.java
		JavaSrc\toolkit\bean\AgentDeskSettingList.java = JavaSrc\toolkit\bean\AgentDeskSettingList.java
		JavaSrc\toolkit\bean\AgentDistribution.java = JavaSrc\toolkit\bean\AgentDistribution.java
		JavaSrc\toolkit\bean\AgentDistributionList.java = JavaSrc\toolkit\bean\AgentDistributionList.java
		JavaSrc\toolkit\bean\AgentGlobalSetting.java = JavaSrc\toolkit\bean\AgentGlobalSetting.java
		JavaSrc\toolkit\bean\AgentList.java = JavaSrc\toolkit\bean\AgentList.java
		JavaSrc\toolkit\bean\AgentName.java = JavaSrc\toolkit\bean\AgentName.java
		JavaSrc\toolkit\bean\AgentPG.java = JavaSrc\toolkit\bean\AgentPG.java
		JavaSrc\toolkit\bean\AgentPQCount.java = JavaSrc\toolkit\bean\AgentPQCount.java
		JavaSrc\toolkit\bean\AgentSecurity.java = JavaSrc\toolkit\bean\AgentSecurity.java
		JavaSrc\toolkit\bean\AgentServiceEnabled.java = JavaSrc\toolkit\bean\AgentServiceEnabled.java
		JavaSrc\toolkit\bean\AgentStateAfterRONAEnum.java = JavaSrc\toolkit\bean\AgentStateAfterRONAEnum.java
		JavaSrc\toolkit\bean\AgentStateTrace.java = JavaSrc\toolkit\bean\AgentStateTrace.java
		JavaSrc\toolkit\bean\AgentSummary.java = JavaSrc\toolkit\bean\AgentSummary.java
		JavaSrc\toolkit\bean\AgentTargetingRule.java = JavaSrc\toolkit\bean\AgentTargetingRule.java
		JavaSrc\toolkit\bean\AgentTargetingRuleList.java = JavaSrc\toolkit\bean\AgentTargetingRuleList.java
		JavaSrc\toolkit\bean\AgentTargetingRuleRange.java = JavaSrc\toolkit\bean\AgentTargetingRuleRange.java
		JavaSrc\toolkit\bean\AgentTeam.java = JavaSrc\toolkit\bean\AgentTeam.java
		JavaSrc\toolkit\bean\AgentTeamBase.java = JavaSrc\toolkit\bean\AgentTeamBase.java
		JavaSrc\toolkit\bean\AgentTeamList.java = JavaSrc\toolkit\bean\AgentTeamList.java
		JavaSrc\toolkit\bean\AgentTeamSummary.java = JavaSrc\toolkit\bean\AgentTeamSummary.java
		JavaSrc\toolkit\bean\Alert.java = JavaSrc\toolkit\bean\Alert.java
		JavaSrc\toolkit\bean\AmdTreatmentModeEnum.java = JavaSrc\toolkit\bean\AmdTreatmentModeEnum.java
		JavaSrc\toolkit\bean\ApiError.java = JavaSrc\toolkit\bean\ApiError.java
		JavaSrc\toolkit\bean\ApiErrorDetail.java = JavaSrc\toolkit\bean\ApiErrorDetail.java
		JavaSrc\toolkit\bean\ApiErrors.java = JavaSrc\toolkit\bean\ApiErrors.java
		JavaSrc\toolkit\bean\ApiStats.java = JavaSrc\toolkit\bean\ApiStats.java
		JavaSrc\toolkit\bean\Application.java = JavaSrc\toolkit\bean\Application.java
		JavaSrc\toolkit\bean\ApplicationGateway.java = JavaSrc\toolkit\bean\ApplicationGateway.java
		JavaSrc\toolkit\bean\ApplicationGatewayConnection.java = JavaSrc\toolkit\bean\ApplicationGatewayConnection.java
		JavaSrc\toolkit\bean\ApplicationGatewayEncryptionEnum.java = JavaSrc\toolkit\bean\ApplicationGatewayEncryptionEnum.java
		JavaSrc\toolkit\bean\ApplicationGatewayFaultTolerance.java = JavaSrc\toolkit\bean\ApplicationGatewayFaultTolerance.java
		JavaSrc\toolkit\bean\ApplicationGatewayGlobals.java = JavaSrc\toolkit\bean\ApplicationGatewayGlobals.java
		JavaSrc\toolkit\bean\ApplicationGatewayGlobalsList.java = JavaSrc\toolkit\bean\ApplicationGatewayGlobalsList.java
		JavaSrc\toolkit\bean\ApplicationGatewayList.java = JavaSrc\toolkit\bean\ApplicationGatewayList.java
		JavaSrc\toolkit\bean\ApplicationGatewayPreferredSide.java = JavaSrc\toolkit\bean\ApplicationGatewayPreferredSide.java
		JavaSrc\toolkit\bean\ApplicationGatewayType.java = JavaSrc\toolkit\bean\ApplicationGatewayType.java
		JavaSrc\toolkit\bean\ApplicationPath.java = JavaSrc\toolkit\bean\ApplicationPath.java
		JavaSrc\toolkit\bean\ApplicationPathList.java = JavaSrc\toolkit\bean\ApplicationPathList.java
		JavaSrc\toolkit\bean\ApplicationPathMember.java = JavaSrc\toolkit\bean\ApplicationPathMember.java
		JavaSrc\toolkit\bean\ApplicationXMLList.java = JavaSrc\toolkit\bean\ApplicationXMLList.java
		JavaSrc\toolkit\bean\AsrServer.java = JavaSrc\toolkit\bean\AsrServer.java
		JavaSrc\toolkit\bean\AsrServerXMLList.java = JavaSrc\toolkit\bean\AsrServerXMLList.java
		JavaSrc\toolkit\bean\AssociatedGroup.java = JavaSrc\toolkit\bean\AssociatedGroup.java
		JavaSrc\toolkit\bean\AtomLink.java = JavaSrc\toolkit\bean\AtomLink.java
		JavaSrc\toolkit\bean\Attribute.java = JavaSrc\toolkit\bean\Attribute.java
		JavaSrc\toolkit\bean\AttributeBase.java = JavaSrc\toolkit\bean\AttributeBase.java
		JavaSrc\toolkit\bean\AttributeList.java = JavaSrc\toolkit\bean\AttributeList.java
		JavaSrc\toolkit\bean\AttributeSummary.java = JavaSrc\toolkit\bean\AttributeSummary.java
		JavaSrc\toolkit\bean\AttributeValueWithAgent.java = JavaSrc\toolkit\bean\AttributeValueWithAgent.java
		JavaSrc\toolkit\bean\AttributeValueWithAttribute.java = JavaSrc\toolkit\bean\AttributeValueWithAttribute.java
		JavaSrc\toolkit\bean\AwStatus.java = JavaSrc\toolkit\bean\AwStatus.java
		JavaSrc\toolkit\bean\BaseDbRestBean.java = JavaSrc\toolkit\bean\BaseDbRestBean.java
		JavaSrc\toolkit\bean\BaseItemList.java = JavaSrc\toolkit\bean\BaseItemList.java
		JavaSrc\toolkit\bean\BucketInterval.java = JavaSrc\toolkit\bean\BucketInterval.java
		JavaSrc\toolkit\bean\BucketIntervalList.java = JavaSrc\toolkit\bean\BucketIntervalList.java
		JavaSrc\toolkit\bean\BulkJob.java = JavaSrc\toolkit\bean\BulkJob.java
		JavaSrc\toolkit\bean\BulkJobList.java = JavaSrc\toolkit\bean\BulkJobList.java
		JavaSrc\toolkit\bean\BusinessHour.java = JavaSrc\toolkit\bean\BusinessHour.java
		JavaSrc\toolkit\bean\BusinessHourConfiguredStatus.java = JavaSrc\toolkit\bean\BusinessHourConfiguredStatus.java
		JavaSrc\toolkit\bean\BusinessHourList.java = JavaSrc\toolkit\bean\BusinessHourList.java
		JavaSrc\toolkit\bean\BusinessHourRealTimeStatus.java = JavaSrc\toolkit\bean\BusinessHourRealTimeStatus.java
		JavaSrc\toolkit\bean\BusinessHourStatusReason.java = JavaSrc\toolkit\bean\BusinessHourStatusReason.java
		JavaSrc\toolkit\bean\BusinessHourStatusReasonList.java = JavaSrc\toolkit\bean\BusinessHourStatusReasonList.java
		JavaSrc\toolkit\bean\BusinessHourStatusReasons.java = JavaSrc\toolkit\bean\BusinessHourStatusReasons.java
		JavaSrc\toolkit\bean\BusinessTimeZone.java = JavaSrc\toolkit\bean\BusinessTimeZone.java
		JavaSrc\toolkit\bean\CallGlobalSetting.java = JavaSrc\toolkit\bean\CallGlobalSetting.java
		JavaSrc\toolkit\bean\CallServer.java = JavaSrc\toolkit\bean\CallServer.java
		JavaSrc\toolkit\bean\CallServers.java = JavaSrc\toolkit\bean\CallServers.java
		JavaSrc\toolkit\bean\CallStatusEnum.java = JavaSrc\toolkit\bean\CallStatusEnum.java
		JavaSrc\toolkit\bean\CallType.java = JavaSrc\toolkit\bean\CallType.java
		JavaSrc\toolkit\bean\CallTypeList.java = JavaSrc\toolkit\bean\CallTypeList.java
		JavaSrc\toolkit\bean\Campaign.java = JavaSrc\toolkit\bean\Campaign.java
		JavaSrc\toolkit\bean\CampaignCPAFields.java = JavaSrc\toolkit\bean\CampaignCPAFields.java
		JavaSrc\toolkit\bean\CampaignList.java = JavaSrc\toolkit\bean\CampaignList.java
		JavaSrc\toolkit\bean\CampaignPurposeTypeEnum.java = JavaSrc\toolkit\bean\CampaignPurposeTypeEnum.java
		JavaSrc\toolkit\bean\CampaignReference.java = JavaSrc\toolkit\bean\CampaignReference.java
		JavaSrc\toolkit\bean\CampaignRetryFields.java = JavaSrc\toolkit\bean\CampaignRetryFields.java
		JavaSrc\toolkit\bean\CampaignSkillGroupInfo.java = JavaSrc\toolkit\bean\CampaignSkillGroupInfo.java
		JavaSrc\toolkit\bean\CampaignStatus.java = JavaSrc\toolkit\bean\CampaignStatus.java
		JavaSrc\toolkit\bean\CapacityApiErrorDetail.java = JavaSrc\toolkit\bean\CapacityApiErrorDetail.java
		JavaSrc\toolkit\bean\CapacityApiRefsErrorDetail.java = JavaSrc\toolkit\bean\CapacityApiRefsErrorDetail.java
		JavaSrc\toolkit\bean\CapacityCheckResult.java = JavaSrc\toolkit\bean\CapacityCheckResult.java
		JavaSrc\toolkit\bean\CapacityInfo.java = JavaSrc\toolkit\bean\CapacityInfo.java
		JavaSrc\toolkit\bean\Card.java = JavaSrc\toolkit\bean\Card.java
		JavaSrc\toolkit\bean\CardList.java = JavaSrc\toolkit\bean\CardList.java
		JavaSrc\toolkit\bean\CardPosition.java = JavaSrc\toolkit\bean\CardPosition.java
		JavaSrc\toolkit\bean\CardPositionList.java = JavaSrc\toolkit\bean\CardPositionList.java
		JavaSrc\toolkit\bean\Category.java = JavaSrc\toolkit\bean\Category.java
		JavaSrc\toolkit\bean\CCBConfig.java = JavaSrc\toolkit\bean\CCBConfig.java
		JavaSrc\toolkit\bean\ChangeSet.java = JavaSrc\toolkit\bean\ChangeSet.java
		JavaSrc\toolkit\bean\ChangeSetElement.java = JavaSrc\toolkit\bean\ChangeSetElement.java
		JavaSrc\toolkit\bean\Ciphers.java = JavaSrc\toolkit\bean\Ciphers.java
		JavaSrc\toolkit\bean\CloudConnectConfig.java = JavaSrc\toolkit\bean\CloudConnectConfig.java
		JavaSrc\toolkit\bean\CloudConnectMgmtConfig.java = JavaSrc\toolkit\bean\CloudConnectMgmtConfig.java
		JavaSrc\toolkit\bean\CloudConnectMgmtConfigWrapper.java = JavaSrc\toolkit\bean\CloudConnectMgmtConfigWrapper.java
		JavaSrc\toolkit\bean\CloudConnector.java = JavaSrc\toolkit\bean\CloudConnector.java
		JavaSrc\toolkit\bean\ClusterConfig.java = JavaSrc\toolkit\bean\ClusterConfig.java
		JavaSrc\toolkit\bean\Collection.java = JavaSrc\toolkit\bean\Collection.java
		JavaSrc\toolkit\bean\CollectionValue.java = JavaSrc\toolkit\bean\CollectionValue.java
		JavaSrc\toolkit\bean\Component.java = JavaSrc\toolkit\bean\Component.java
		JavaSrc\toolkit\bean\ConfigTasksStatusResults.java = JavaSrc\toolkit\bean\ConfigTasksStatusResults.java
		JavaSrc\toolkit\bean\ConfigurableDeviceInfo.java = JavaSrc\toolkit\bean\ConfigurableDeviceInfo.java
		JavaSrc\toolkit\bean\ConfigurationLimit.java = JavaSrc\toolkit\bean\ConfigurationLimit.java
		JavaSrc\toolkit\bean\ConfigurationLimitList.java = JavaSrc\toolkit\bean\ConfigurationLimitList.java
		JavaSrc\toolkit\bean\CongestionControl.java = JavaSrc\toolkit\bean\CongestionControl.java
		JavaSrc\toolkit\bean\CongestionControlPermissionInfo.java = JavaSrc\toolkit\bean\CongestionControlPermissionInfo.java
		JavaSrc\toolkit\bean\ConnectionParametersGlobal.java = JavaSrc\toolkit\bean\ConnectionParametersGlobal.java
		JavaSrc\toolkit\bean\ConnectionParams.java = JavaSrc\toolkit\bean\ConnectionParams.java
		JavaSrc\toolkit\bean\ConnectorConfig.java = JavaSrc\toolkit\bean\ConnectorConfig.java
		JavaSrc\toolkit\bean\ContactCenterAIToken.java = JavaSrc\toolkit\bean\ContactCenterAIToken.java
		JavaSrc\toolkit\bean\ContactShareExpressionErrorDetail.java = JavaSrc\toolkit\bean\ContactShareExpressionErrorDetail.java
		JavaSrc\toolkit\bean\ContactShareExpressionErrorDetailMessage.java = JavaSrc\toolkit\bean\ContactShareExpressionErrorDetailMessage.java
		JavaSrc\toolkit\bean\ContactShareGroup.java = JavaSrc\toolkit\bean\ContactShareGroup.java
		JavaSrc\toolkit\bean\ContactShareGroupBase.java = JavaSrc\toolkit\bean\ContactShareGroupBase.java
		JavaSrc\toolkit\bean\ContactShareGroupList.java = JavaSrc\toolkit\bean\ContactShareGroupList.java
		JavaSrc\toolkit\bean\ContactShareGroupSummary.java = JavaSrc\toolkit\bean\ContactShareGroupSummary.java
		JavaSrc\toolkit\bean\ContactShareQueue.java = JavaSrc\toolkit\bean\ContactShareQueue.java
		JavaSrc\toolkit\bean\ContactShareQueueList.java = JavaSrc\toolkit\bean\ContactShareQueueList.java
		JavaSrc\toolkit\bean\ContactShareRule.java = JavaSrc\toolkit\bean\ContactShareRule.java
		JavaSrc\toolkit\bean\ContactShareRuleList.java = JavaSrc\toolkit\bean\ContactShareRuleList.java
		JavaSrc\toolkit\bean\CourtesyCallBack.java = JavaSrc\toolkit\bean\CourtesyCallBack.java
		JavaSrc\toolkit\bean\CuicAwMachineCountMismatchErrorDetail.java = JavaSrc\toolkit\bean\CuicAwMachineCountMismatchErrorDetail.java
		JavaSrc\toolkit\bean\CUICBaseBean.java = JavaSrc\toolkit\bean\CUICBaseBean.java
		JavaSrc\toolkit\bean\CuicDataSourceRef.java = JavaSrc\toolkit\bean\CuicDataSourceRef.java
		JavaSrc\toolkit\bean\CuicDataSources.java = JavaSrc\toolkit\bean\CuicDataSources.java
		JavaSrc\toolkit\bean\CVAConfigInfo.java = JavaSrc\toolkit\bean\CVAConfigInfo.java
		JavaSrc\toolkit\bean\CvpConfig.java = JavaSrc\toolkit\bean\CvpConfig.java
		JavaSrc\toolkit\bean\CvpDnis.java = JavaSrc\toolkit\bean\CvpDnis.java
		JavaSrc\toolkit\bean\CVPLabel.java = JavaSrc\toolkit\bean\CVPLabel.java
		JavaSrc\toolkit\bean\CVPLocationProperties.java = JavaSrc\toolkit\bean\CVPLocationProperties.java
		JavaSrc\toolkit\bean\CvpProperties.java = JavaSrc\toolkit\bean\CvpProperties.java
		JavaSrc\toolkit\bean\CVPServer.java = JavaSrc\toolkit\bean\CVPServer.java
		JavaSrc\toolkit\bean\CVPSIPServerGroupProperties.java = JavaSrc\toolkit\bean\CVPSIPServerGroupProperties.java
		JavaSrc\toolkit\bean\CvpSmartLicenseInfo.java = JavaSrc\toolkit\bean\CvpSmartLicenseInfo.java
		JavaSrc\toolkit\bean\CVVBInfo.java = JavaSrc\toolkit\bean\CVVBInfo.java
		JavaSrc\toolkit\bean\Database.java = JavaSrc\toolkit\bean\Database.java
		JavaSrc\toolkit\bean\DatabaseErrorDetail.java = JavaSrc\toolkit\bean\DatabaseErrorDetail.java
		JavaSrc\toolkit\bean\DatabaseList.java = JavaSrc\toolkit\bean\DatabaseList.java
		JavaSrc\toolkit\bean\DataCenter.java = JavaSrc\toolkit\bean\DataCenter.java
		JavaSrc\toolkit\bean\DataCenter12k.java = JavaSrc\toolkit\bean\DataCenter12k.java
		JavaSrc\toolkit\bean\DataCenterInventoryFile.java = JavaSrc\toolkit\bean\DataCenterInventoryFile.java
		JavaSrc\toolkit\bean\DataCenterList.java = JavaSrc\toolkit\bean\DataCenterList.java
		JavaSrc\toolkit\bean\DatacenterRoutingTypeBean.java = JavaSrc\toolkit\bean\DatacenterRoutingTypeBean.java
		JavaSrc\toolkit\bean\DatacenterRoutingTypeBeanList.java = JavaSrc\toolkit\bean\DatacenterRoutingTypeBeanList.java
		JavaSrc\toolkit\bean\DataCenterSetting.java = JavaSrc\toolkit\bean\DataCenterSetting.java
		JavaSrc\toolkit\bean\DataSource.java = JavaSrc\toolkit\bean\DataSource.java
		JavaSrc\toolkit\bean\DataSourceAddressRef.java = JavaSrc\toolkit\bean\DataSourceAddressRef.java
		JavaSrc\toolkit\bean\DataSourceDetails.java = JavaSrc\toolkit\bean\DataSourceDetails.java
		JavaSrc\toolkit\bean\DayPosition.java = JavaSrc\toolkit\bean\DayPosition.java
		JavaSrc\toolkit\bean\DayType.java = JavaSrc\toolkit\bean\DayType.java
		JavaSrc\toolkit\bean\DBConnectionParams.java = JavaSrc\toolkit\bean\DBConnectionParams.java
		JavaSrc\toolkit\bean\DbType.java = JavaSrc\toolkit\bean\DbType.java
		JavaSrc\toolkit\bean\DCAwareRoutingTypeBeanList.java = JavaSrc\toolkit\bean\DCAwareRoutingTypeBeanList.java
		JavaSrc\toolkit\bean\Department.java = JavaSrc\toolkit\bean\Department.java
		JavaSrc\toolkit\bean\DepartmentList.java = JavaSrc\toolkit\bean\DepartmentList.java
		JavaSrc\toolkit\bean\Deployment.java = JavaSrc\toolkit\bean\Deployment.java
		JavaSrc\toolkit\bean\DeploymentModel.java = JavaSrc\toolkit\bean\DeploymentModel.java
		JavaSrc\toolkit\bean\DeploymentTaskInfo.java = JavaSrc\toolkit\bean\DeploymentTaskInfo.java
		JavaSrc\toolkit\bean\DeploymentTaskStats.java = JavaSrc\toolkit\bean\DeploymentTaskStats.java
		JavaSrc\toolkit\bean\DeploymentTypeInfo.java = JavaSrc\toolkit\bean\DeploymentTypeInfo.java
		JavaSrc\toolkit\bean\DeviceInfo.java = JavaSrc\toolkit\bean\DeviceInfo.java
		JavaSrc\toolkit\bean\DialedNumber.java = JavaSrc\toolkit\bean\DialedNumber.java
		JavaSrc\toolkit\bean\DialedNumberCollection.java = JavaSrc\toolkit\bean\DialedNumberCollection.java
		JavaSrc\toolkit\bean\DialedNumberConfig.java = JavaSrc\toolkit\bean\DialedNumberConfig.java
		JavaSrc\toolkit\bean\DialedNumberList.java = JavaSrc\toolkit\bean\DialedNumberList.java
		JavaSrc\toolkit\bean\DialedNumberRecord.java = JavaSrc\toolkit\bean\DialedNumberRecord.java
		JavaSrc\toolkit\bean\DialingMode.java = JavaSrc\toolkit\bean\DialingMode.java
		JavaSrc\toolkit\bean\DNCList.java = JavaSrc\toolkit\bean\DNCList.java
		JavaSrc\toolkit\bean\Double.java = JavaSrc\toolkit\bean\Double.java
		JavaSrc\toolkit\bean\DuplexedMachineErrorDetail.java = JavaSrc\toolkit\bean\DuplexedMachineErrorDetail.java
		JavaSrc\toolkit\bean\DuplicateNameApiErrorDetail.java = JavaSrc\toolkit\bean\DuplicateNameApiErrorDetail.java
		JavaSrc\toolkit\bean\ECCPayload.java = JavaSrc\toolkit\bean\ECCPayload.java
		JavaSrc\toolkit\bean\ECCPayloadList.java = JavaSrc\toolkit\bean\ECCPayloadList.java
		JavaSrc\toolkit\bean\ECEAbout.java = JavaSrc\toolkit\bean\ECEAbout.java
		JavaSrc\toolkit\bean\ECEDepartment.java = JavaSrc\toolkit\bean\ECEDepartment.java
		JavaSrc\toolkit\bean\ECEDepartmentList.java = JavaSrc\toolkit\bean\ECEDepartmentList.java
		JavaSrc\toolkit\bean\ECELogin.java = JavaSrc\toolkit\bean\ECELogin.java
		JavaSrc\toolkit\bean\ECEProduct.java = JavaSrc\toolkit\bean\ECEProduct.java
		JavaSrc\toolkit\bean\ECEUser.java = JavaSrc\toolkit\bean\ECEUser.java
		JavaSrc\toolkit\bean\ECEUserList.java = JavaSrc\toolkit\bean\ECEUserList.java
		JavaSrc\toolkit\bean\EnterpriseRoute.java = JavaSrc\toolkit\bean\EnterpriseRoute.java
		JavaSrc\toolkit\bean\EnterpriseRouteList.java = JavaSrc\toolkit\bean\EnterpriseRouteList.java
		JavaSrc\toolkit\bean\EnterpriseSkillGroup.java = JavaSrc\toolkit\bean\EnterpriseSkillGroup.java
		JavaSrc\toolkit\bean\EnterpriseSkillGroupList.java = JavaSrc\toolkit\bean\EnterpriseSkillGroupList.java
		JavaSrc\toolkit\bean\ExpandedCallVariable.java = JavaSrc\toolkit\bean\ExpandedCallVariable.java
		JavaSrc\toolkit\bean\ExpandedCallVariableGlobalInfo.java = JavaSrc\toolkit\bean\ExpandedCallVariableGlobalInfo.java
		JavaSrc\toolkit\bean\ExpandedCallVariableList.java = JavaSrc\toolkit\bean\ExpandedCallVariableList.java
		JavaSrc\toolkit\bean\ExternalPage.java = JavaSrc\toolkit\bean\ExternalPage.java
		JavaSrc\toolkit\bean\ExternalPageList.java = JavaSrc\toolkit\bean\ExternalPageList.java
		JavaSrc\toolkit\bean\FacilityList.java = JavaSrc\toolkit\bean\FacilityList.java
		JavaSrc\toolkit\bean\Feature.java = JavaSrc\toolkit\bean\Feature.java
		JavaSrc\toolkit\bean\Feed.java = JavaSrc\toolkit\bean\Feed.java
		JavaSrc\toolkit\bean\FeedList.java = JavaSrc\toolkit\bean\FeedList.java
		JavaSrc\toolkit\bean\FileRef.java = JavaSrc\toolkit\bean\FileRef.java
		JavaSrc\toolkit\bean\FileRefWithSize.java = JavaSrc\toolkit\bean\FileRefWithSize.java
		JavaSrc\toolkit\bean\FinesseEnterpriseDatabaseConfig.java = JavaSrc\toolkit\bean\FinesseEnterpriseDatabaseConfig.java
		JavaSrc\toolkit\bean\FinesseSystemConfig.java = JavaSrc\toolkit\bean\FinesseSystemConfig.java
		JavaSrc\toolkit\bean\FinesseSystemConfigWithoutbackup.java = JavaSrc\toolkit\bean\FinesseSystemConfigWithoutbackup.java
		JavaSrc\toolkit\bean\FinesseSystemInfo.java = JavaSrc\toolkit\bean\FinesseSystemInfo.java
		JavaSrc\toolkit\bean\FloatOutOfRangeApiErrorDetail.java = JavaSrc\toolkit\bean\FloatOutOfRangeApiErrorDetail.java
		JavaSrc\toolkit\bean\GeneralSetting.java = JavaSrc\toolkit\bean\GeneralSetting.java
		JavaSrc\toolkit\bean\GlobalConfig.java = JavaSrc\toolkit\bean\GlobalConfig.java
		JavaSrc\toolkit\bean\GlobalConfigDetail.java = JavaSrc\toolkit\bean\GlobalConfigDetail.java
		JavaSrc\toolkit\bean\GlobalSetting.java = JavaSrc\toolkit\bean\GlobalSetting.java
		JavaSrc\toolkit\bean\GroupType.java = JavaSrc\toolkit\bean\GroupType.java
		JavaSrc\toolkit\bean\HardwareLayoutType.java = JavaSrc\toolkit\bean\HardwareLayoutType.java
		JavaSrc\toolkit\bean\HeartBeat.java = JavaSrc\toolkit\bean\HeartBeat.java
		JavaSrc\toolkit\bean\ICMPostRouting.java = JavaSrc\toolkit\bean\ICMPostRouting.java
		JavaSrc\toolkit\bean\ICMServiceConfig.java = JavaSrc\toolkit\bean\ICMServiceConfig.java
		JavaSrc\toolkit\bean\ICMTranslationRouting.java = JavaSrc\toolkit\bean\ICMTranslationRouting.java
		JavaSrc\toolkit\bean\IdSConfigurationState.java = JavaSrc\toolkit\bean\IdSConfigurationState.java
		JavaSrc\toolkit\bean\IdsStatus.java = JavaSrc\toolkit\bean\IdsStatus.java
		JavaSrc\toolkit\bean\ImportContact.java = JavaSrc\toolkit\bean\ImportContact.java
		JavaSrc\toolkit\bean\ImportContactBase.java = JavaSrc\toolkit\bean\ImportContactBase.java
		JavaSrc\toolkit\bean\ImportContactList.java = JavaSrc\toolkit\bean\ImportContactList.java
		JavaSrc\toolkit\bean\ImportContactRecord.java = JavaSrc\toolkit\bean\ImportContactRecord.java
		JavaSrc\toolkit\bean\ImportContactSummary.java = JavaSrc\toolkit\bean\ImportContactSummary.java
		JavaSrc\toolkit\bean\ImportRule.java = JavaSrc\toolkit\bean\ImportRule.java
		JavaSrc\toolkit\bean\InfrastructureServiceConfig.java = JavaSrc\toolkit\bean\InfrastructureServiceConfig.java
		JavaSrc\toolkit\bean\InitializationStatus.java = JavaSrc\toolkit\bean\InitializationStatus.java
		JavaSrc\toolkit\bean\InitializationStatusResults.java = JavaSrc\toolkit\bean\InitializationStatusResults.java
		JavaSrc\toolkit\bean\InitialSettings.java = JavaSrc\toolkit\bean\InitialSettings.java
		JavaSrc\toolkit\bean\InitStatus.java = JavaSrc\toolkit\bean\InitStatus.java
		JavaSrc\toolkit\bean\InstallJtapiClient.java = JavaSrc\toolkit\bean\InstallJtapiClient.java
		JavaSrc\toolkit\bean\InternetScriptEditor.java = JavaSrc\toolkit\bean\InternetScriptEditor.java
		JavaSrc\toolkit\bean\InvalidFeaturesErrorDetail.java = JavaSrc\toolkit\bean\InvalidFeaturesErrorDetail.java
		JavaSrc\toolkit\bean\InvalidMachineAddressesErrorDetail.java = JavaSrc\toolkit\bean\InvalidMachineAddressesErrorDetail.java
		JavaSrc\toolkit\bean\InvalidMachineServicesErrorDetail.java = JavaSrc\toolkit\bean\InvalidMachineServicesErrorDetail.java
		JavaSrc\toolkit\bean\InventoryAutoDiscovery.java = JavaSrc\toolkit\bean\InventoryAutoDiscovery.java
		JavaSrc\toolkit\bean\InventoryFile.java = JavaSrc\toolkit\bean\InventoryFile.java
		JavaSrc\toolkit\bean\InventoryStatus.java = JavaSrc\toolkit\bean\InventoryStatus.java
		JavaSrc\toolkit\bean\InventoryUpdateCategory.java = JavaSrc\toolkit\bean\InventoryUpdateCategory.java
		JavaSrc\toolkit\bean\InventoryUpdateFile.java = JavaSrc\toolkit\bean\InventoryUpdateFile.java
		JavaSrc\toolkit\bean\InventoryUpdateOperation.java = JavaSrc\toolkit\bean\InventoryUpdateOperation.java
		JavaSrc\toolkit\bean\IVRApplication.java = JavaSrc\toolkit\bean\IVRApplication.java
		JavaSrc\toolkit\bean\IVRApplicationList.java = JavaSrc\toolkit\bean\IVRApplicationList.java
		JavaSrc\toolkit\bean\IVRServiceConfig.java = JavaSrc\toolkit\bean\IVRServiceConfig.java
		JavaSrc\toolkit\bean\JMSConnectionParams.java = JavaSrc\toolkit\bean\JMSConnectionParams.java
		JavaSrc\toolkit\bean\JvmStats.java = JavaSrc\toolkit\bean\JvmStats.java
		JavaSrc\toolkit\bean\Label.java = JavaSrc\toolkit\bean\Label.java
		JavaSrc\toolkit\bean\LabelBase.java = JavaSrc\toolkit\bean\LabelBase.java
		JavaSrc\toolkit\bean\LayoutProfile.java = JavaSrc\toolkit\bean\LayoutProfile.java
		JavaSrc\toolkit\bean\LicenseReservationAuthCode.java = JavaSrc\toolkit\bean\LicenseReservationAuthCode.java
		JavaSrc\toolkit\bean\LicenseReservationConfirmation.java = JavaSrc\toolkit\bean\LicenseReservationConfirmation.java
		JavaSrc\toolkit\bean\LicenseReservationRequest.java = JavaSrc\toolkit\bean\LicenseReservationRequest.java
		JavaSrc\toolkit\bean\LicenseReservationReturnCode.java = JavaSrc\toolkit\bean\LicenseReservationReturnCode.java
		JavaSrc\toolkit\bean\Locales.java = JavaSrc\toolkit\bean\Locales.java
		JavaSrc\toolkit\bean\Location.java = JavaSrc\toolkit\bean\Location.java
		JavaSrc\toolkit\bean\LocationList.java = JavaSrc\toolkit\bean\LocationList.java
		JavaSrc\toolkit\bean\LocationProperties.java = JavaSrc\toolkit\bean\LocationProperties.java
		JavaSrc\toolkit\bean\LogCollection.java = JavaSrc\toolkit\bean\LogCollection.java
		JavaSrc\toolkit\bean\LogCollectionList.java = JavaSrc\toolkit\bean\LogCollectionList.java
		JavaSrc\toolkit\bean\LogicalInterfaceController.java = JavaSrc\toolkit\bean\LogicalInterfaceController.java
		JavaSrc\toolkit\bean\LogicalInterfaceControllerBase.java = JavaSrc\toolkit\bean\LogicalInterfaceControllerBase.java
		JavaSrc\toolkit\bean\LoginSession.java = JavaSrc\toolkit\bean\LoginSession.java
		JavaSrc\toolkit\bean\Machine.java = JavaSrc\toolkit\bean\Machine.java
		JavaSrc\toolkit\bean\MachineAddress.java = JavaSrc\toolkit\bean\MachineAddress.java
		JavaSrc\toolkit\bean\MachineComponent.java = JavaSrc\toolkit\bean\MachineComponent.java
		JavaSrc\toolkit\bean\MachineErrorDetail.java = JavaSrc\toolkit\bean\MachineErrorDetail.java
		JavaSrc\toolkit\bean\MachineHost.java = JavaSrc\toolkit\bean\MachineHost.java
		JavaSrc\toolkit\bean\MachineHostList.java = JavaSrc\toolkit\bean\MachineHostList.java
		JavaSrc\toolkit\bean\MachineList.java = JavaSrc\toolkit\bean\MachineList.java
		JavaSrc\toolkit\bean\MachineListErrorDetail.java = JavaSrc\toolkit\bean\MachineListErrorDetail.java
		JavaSrc\toolkit\bean\Machines.java = JavaSrc\toolkit\bean\Machines.java
		JavaSrc\toolkit\bean\MachineService.java = JavaSrc\toolkit\bean\MachineService.java
		JavaSrc\toolkit\bean\MachineType.java = JavaSrc\toolkit\bean\MachineType.java
		JavaSrc\toolkit\bean\MachineTypeMustBeChangedErrorDetail.java = JavaSrc\toolkit\bean\MachineTypeMustBeChangedErrorDetail.java
		JavaSrc\toolkit\bean\MachineTypeNumberOutOfRangeErrorDetail.java = JavaSrc\toolkit\bean\MachineTypeNumberOutOfRangeErrorDetail.java
		JavaSrc\toolkit\bean\MachineVersion.java = JavaSrc\toolkit\bean\MachineVersion.java
		JavaSrc\toolkit\bean\MarkDeleteReference.java = JavaSrc\toolkit\bean\MarkDeleteReference.java
		JavaSrc\toolkit\bean\MasterScript.java = JavaSrc\toolkit\bean\MasterScript.java
		JavaSrc\toolkit\bean\MasterScriptList.java = JavaSrc\toolkit\bean\MasterScriptList.java
		JavaSrc\toolkit\bean\Media.java = JavaSrc\toolkit\bean\Media.java
		JavaSrc\toolkit\bean\MediaConfig.java = JavaSrc\toolkit\bean\MediaConfig.java
		JavaSrc\toolkit\bean\MediaRoutingDomain.java = JavaSrc\toolkit\bean\MediaRoutingDomain.java
		JavaSrc\toolkit\bean\MediaRoutingDomainList.java = JavaSrc\toolkit\bean\MediaRoutingDomainList.java
		JavaSrc\toolkit\bean\MediaRoutingType.java = JavaSrc\toolkit\bean\MediaRoutingType.java
		JavaSrc\toolkit\bean\MediaServer.java = JavaSrc\toolkit\bean\MediaServer.java
		JavaSrc\toolkit\bean\MediaServerConfig.java = JavaSrc\toolkit\bean\MediaServerConfig.java
		JavaSrc\toolkit\bean\Menu.java = JavaSrc\toolkit\bean\Menu.java
		JavaSrc\toolkit\bean\MenuList.java = JavaSrc\toolkit\bean\MenuList.java
		JavaSrc\toolkit\bean\MockInventory.java = JavaSrc\toolkit\bean\MockInventory.java
		JavaSrc\toolkit\bean\MRConfig.java = JavaSrc\toolkit\bean\MRConfig.java
		JavaSrc\toolkit\bean\MultiChannelPG.java = JavaSrc\toolkit\bean\MultiChannelPG.java
		JavaSrc\toolkit\bean\NameNotFoundErrorDetail.java = JavaSrc\toolkit\bean\NameNotFoundErrorDetail.java
		JavaSrc\toolkit\bean\NameUriList.java = JavaSrc\toolkit\bean\NameUriList.java
		JavaSrc\toolkit\bean\NameUriPair.java = JavaSrc\toolkit\bean\NameUriPair.java
		JavaSrc\toolkit\bean\NetworkLabelGlobalSetting.java = JavaSrc\toolkit\bean\NetworkLabelGlobalSetting.java
		JavaSrc\toolkit\bean\NetworkVru.java = JavaSrc\toolkit\bean\NetworkVru.java
		JavaSrc\toolkit\bean\NetworkVruList.java = JavaSrc\toolkit\bean\NetworkVruList.java
		JavaSrc\toolkit\bean\NetworkVruScript.java = JavaSrc\toolkit\bean\NetworkVruScript.java
		JavaSrc\toolkit\bean\NetworkVruScriptList.java = JavaSrc\toolkit\bean\NetworkVruScriptList.java
		JavaSrc\toolkit\bean\Node.java = JavaSrc\toolkit\bean\Node.java
		JavaSrc\toolkit\bean\Nodes.java = JavaSrc\toolkit\bean\Nodes.java
		JavaSrc\toolkit\bean\Notification.java = JavaSrc\toolkit\bean\Notification.java
		JavaSrc\toolkit\bean\NotificationList.java = JavaSrc\toolkit\bean\NotificationList.java
		JavaSrc\toolkit\bean\NotificationRule.java = JavaSrc\toolkit\bean\NotificationRule.java
		JavaSrc\toolkit\bean\NotificationRuleList.java = JavaSrc\toolkit\bean\NotificationRuleList.java
		JavaSrc\toolkit\bean\Operation.java = JavaSrc\toolkit\bean\Operation.java
		JavaSrc\toolkit\bean\Operations.java = JavaSrc\toolkit\bean\Operations.java
		JavaSrc\toolkit\bean\OperationsResult.java = JavaSrc\toolkit\bean\OperationsResult.java
		JavaSrc\toolkit\bean\OperationType.java = JavaSrc\toolkit\bean\OperationType.java
		JavaSrc\toolkit\bean\OrgSettingsBean.java = JavaSrc\toolkit\bean\OrgSettingsBean.java
		JavaSrc\toolkit\bean\OverrideMediaTermination.java = JavaSrc\toolkit\bean\OverrideMediaTermination.java
		JavaSrc\toolkit\bean\PageInfo.java = JavaSrc\toolkit\bean\PageInfo.java
		JavaSrc\toolkit\bean\PatchInfo.java = JavaSrc\toolkit\bean\PatchInfo.java
		JavaSrc\toolkit\bean\PeripheralBase.java = JavaSrc\toolkit\bean\PeripheralBase.java
		JavaSrc\toolkit\bean\PeripheralGateway.java = JavaSrc\toolkit\bean\PeripheralGateway.java
		JavaSrc\toolkit\bean\PeripheralGatewayList.java = JavaSrc\toolkit\bean\PeripheralGatewayList.java
		JavaSrc\toolkit\bean\PeripheralGatewaysRegistry.java = JavaSrc\toolkit\bean\PeripheralGatewaysRegistry.java
		JavaSrc\toolkit\bean\PeripheralList.java = JavaSrc\toolkit\bean\PeripheralList.java
		JavaSrc\toolkit\bean\PeripheralRef.java = JavaSrc\toolkit\bean\PeripheralRef.java
		JavaSrc\toolkit\bean\PeripheralSet.java = JavaSrc\toolkit\bean\PeripheralSet.java
		JavaSrc\toolkit\bean\PeripheralSetList.java = JavaSrc\toolkit\bean\PeripheralSetList.java
		JavaSrc\toolkit\bean\PeripheralWithRoutingClient.java = JavaSrc\toolkit\bean\PeripheralWithRoutingClient.java
		JavaSrc\toolkit\bean\PermissionInfo.java = JavaSrc\toolkit\bean\PermissionInfo.java
		JavaSrc\toolkit\bean\Permissions.java = JavaSrc\toolkit\bean\Permissions.java
		JavaSrc\toolkit\bean\Person.java = JavaSrc\toolkit\bean\Person.java
		JavaSrc\toolkit\bean\PersonalCallback.java = JavaSrc\toolkit\bean\PersonalCallback.java
		JavaSrc\toolkit\bean\PersonalCallbackRecord.java = JavaSrc\toolkit\bean\PersonalCallbackRecord.java
		JavaSrc\toolkit\bean\PersonalCallbackRecordList.java = JavaSrc\toolkit\bean\PersonalCallbackRecordList.java
		JavaSrc\toolkit\bean\PersonList.java = JavaSrc\toolkit\bean\PersonList.java
		JavaSrc\toolkit\bean\PhoneFields.java = JavaSrc\toolkit\bean\PhoneFields.java
		JavaSrc\toolkit\bean\PQCount.java = JavaSrc\toolkit\bean\PQCount.java
		JavaSrc\toolkit\bean\PQName.java = JavaSrc\toolkit\bean\PQName.java
		JavaSrc\toolkit\bean\PQStepNotFoundErrorDetail.java = JavaSrc\toolkit\bean\PQStepNotFoundErrorDetail.java
		JavaSrc\toolkit\bean\PrecisionQueue.java = JavaSrc\toolkit\bean\PrecisionQueue.java
		JavaSrc\toolkit\bean\PrecisionQueueList.java = JavaSrc\toolkit\bean\PrecisionQueueList.java
		JavaSrc\toolkit\bean\PrecisionQueueStepPreview.java = JavaSrc\toolkit\bean\PrecisionQueueStepPreview.java
		JavaSrc\toolkit\bean\ProductEnum.java = JavaSrc\toolkit\bean\ProductEnum.java
		JavaSrc\toolkit\bean\Property.java = JavaSrc\toolkit\bean\Property.java
		JavaSrc\toolkit\bean\ReasonCode.java = JavaSrc\toolkit\bean\ReasonCode.java
		JavaSrc\toolkit\bean\ReasonCodeConfig.java = JavaSrc\toolkit\bean\ReasonCodeConfig.java
		JavaSrc\toolkit\bean\ReasonCodeList.java = JavaSrc\toolkit\bean\ReasonCodeList.java
		JavaSrc\toolkit\bean\ReasonTypeEnum.java = JavaSrc\toolkit\bean\ReasonTypeEnum.java
		JavaSrc\toolkit\bean\ReferenceWithId.java = JavaSrc\toolkit\bean\ReferenceWithId.java
		JavaSrc\toolkit\bean\RegionPrefix.java = JavaSrc\toolkit\bean\RegionPrefix.java
		JavaSrc\toolkit\bean\Registry.java = JavaSrc\toolkit\bean\Registry.java
		JavaSrc\toolkit\bean\ReportingActivation.java = JavaSrc\toolkit\bean\ReportingActivation.java
		JavaSrc\toolkit\bean\ReportingGlobalSetting.java = JavaSrc\toolkit\bean\ReportingGlobalSetting.java
		JavaSrc\toolkit\bean\ReportingInitConfig.java = JavaSrc\toolkit\bean\ReportingInitConfig.java
		JavaSrc\toolkit\bean\ReportingServer.java = JavaSrc\toolkit\bean\ReportingServer.java
		JavaSrc\toolkit\bean\RescheduleCallbackModeEnum.java = JavaSrc\toolkit\bean\RescheduleCallbackModeEnum.java
		JavaSrc\toolkit\bean\ReservationType.java = JavaSrc\toolkit\bean\ReservationType.java
		JavaSrc\toolkit\bean\ResourceErrorDetail.java = JavaSrc\toolkit\bean\ResourceErrorDetail.java
		JavaSrc\toolkit\bean\Role.java = JavaSrc\toolkit\bean\Role.java
		JavaSrc\toolkit\bean\RoleList.java = JavaSrc\toolkit\bean\RoleList.java
		JavaSrc\toolkit\bean\RootOperation.java = JavaSrc\toolkit\bean\RootOperation.java
		JavaSrc\toolkit\bean\RoutePatternCollection.java = JavaSrc\toolkit\bean\RoutePatternCollection.java
		JavaSrc\toolkit\bean\RoutePatternConfig.java = JavaSrc\toolkit\bean\RoutePatternConfig.java
		JavaSrc\toolkit\bean\RoutingClient.java = JavaSrc\toolkit\bean\RoutingClient.java
		JavaSrc\toolkit\bean\RoutingClientList.java = JavaSrc\toolkit\bean\RoutingClientList.java
		JavaSrc\toolkit\bean\RoutingPattern.java = JavaSrc\toolkit\bean\RoutingPattern.java
		JavaSrc\toolkit\bean\RoutingPatternList.java = JavaSrc\toolkit\bean\RoutingPatternList.java
		JavaSrc\toolkit\bean\RoutingTypeBean.java = JavaSrc\toolkit\bean\RoutingTypeBean.java
		JavaSrc\toolkit\bean\RoutingTypeBeanList.java = JavaSrc\toolkit\bean\RoutingTypeBeanList.java
		JavaSrc\toolkit\bean\ScanInfo.java = JavaSrc\toolkit\bean\ScanInfo.java
		JavaSrc\toolkit\bean\ScanState.java = JavaSrc\toolkit\bean\ScanState.java
		JavaSrc\toolkit\bean\ScheduleType.java = JavaSrc\toolkit\bean\ScheduleType.java
		JavaSrc\toolkit\bean\ScriptApplication.java = JavaSrc\toolkit\bean\ScriptApplication.java
		JavaSrc\toolkit\bean\ScriptCrossReference.java = JavaSrc\toolkit\bean\ScriptCrossReference.java
		JavaSrc\toolkit\bean\ScriptGlobalSetting.java = JavaSrc\toolkit\bean\ScriptGlobalSetting.java
		JavaSrc\toolkit\bean\ScriptReference.java = JavaSrc\toolkit\bean\ScriptReference.java
		JavaSrc\toolkit\bean\ScriptSchedule.java = JavaSrc\toolkit\bean\ScriptSchedule.java
		JavaSrc\toolkit\bean\ScriptVersion.java = JavaSrc\toolkit\bean\ScriptVersion.java
		JavaSrc\toolkit\bean\SecondaryNode.java = JavaSrc\toolkit\bean\SecondaryNode.java
		JavaSrc\toolkit\bean\Security.java = JavaSrc\toolkit\bean\Security.java
		JavaSrc\toolkit\bean\SecurityConfig.java = JavaSrc\toolkit\bean\SecurityConfig.java
		JavaSrc\toolkit\bean\Serviceability.java = JavaSrc\toolkit\bean\Serviceability.java
		JavaSrc\toolkit\bean\ServiceType.java = JavaSrc\toolkit\bean\ServiceType.java
		JavaSrc\toolkit\bean\Session.java = JavaSrc\toolkit\bean\Session.java
		JavaSrc\toolkit\bean\Set.java = JavaSrc\toolkit\bean\Set.java
		JavaSrc\toolkit\bean\Side.java = JavaSrc\toolkit\bean\Side.java
		JavaSrc\toolkit\bean\SipHeader.java = JavaSrc\toolkit\bean\SipHeader.java
		JavaSrc\toolkit\bean\SipServerElement.java = JavaSrc\toolkit\bean\SipServerElement.java
		JavaSrc\toolkit\bean\SipServerElementErrorDetail.java = JavaSrc\toolkit\bean\SipServerElementErrorDetail.java
		JavaSrc\toolkit\bean\SipServerGroup.java = JavaSrc\toolkit\bean\SipServerGroup.java
		JavaSrc\toolkit\bean\SIPServerGroupCollection.java = JavaSrc\toolkit\bean\SIPServerGroupCollection.java
		JavaSrc\toolkit\bean\SIPServerGroupElement.java = JavaSrc\toolkit\bean\SIPServerGroupElement.java
		JavaSrc\toolkit\bean\SipServerGroupList.java = JavaSrc\toolkit\bean\SipServerGroupList.java
		JavaSrc\toolkit\bean\SIPServerGroupProperties.java = JavaSrc\toolkit\bean\SIPServerGroupProperties.java
		JavaSrc\toolkit\bean\SipServerGroupToElementMapping.java = JavaSrc\toolkit\bean\SipServerGroupToElementMapping.java
		JavaSrc\toolkit\bean\SIPServerGroupWrapper.java = JavaSrc\toolkit\bean\SIPServerGroupWrapper.java
		JavaSrc\toolkit\bean\SipServerType.java = JavaSrc\toolkit\bean\SipServerType.java
		JavaSrc\toolkit\bean\SIPServiceConfig.java = JavaSrc\toolkit\bean\SIPServiceConfig.java
		JavaSrc\toolkit\bean\SipTrigger.java = JavaSrc\toolkit\bean\SipTrigger.java
		JavaSrc\toolkit\bean\SipTriggerXMLList.java = JavaSrc\toolkit\bean\SipTriggerXMLList.java
		JavaSrc\toolkit\bean\SkillGroup.java = JavaSrc\toolkit\bean\SkillGroup.java
		JavaSrc\toolkit\bean\SkillGroupBase.java = JavaSrc\toolkit\bean\SkillGroupBase.java
		JavaSrc\toolkit\bean\SkillGroupList.java = JavaSrc\toolkit\bean\SkillGroupList.java
		JavaSrc\toolkit\bean\SkillGroupSummary.java = JavaSrc\toolkit\bean\SkillGroupSummary.java
		JavaSrc\toolkit\bean\SkillGroupWithPqId.java = JavaSrc\toolkit\bean\SkillGroupWithPqId.java
		JavaSrc\toolkit\bean\SmartAgentStatus.java = JavaSrc\toolkit\bean\SmartAgentStatus.java
		JavaSrc\toolkit\bean\SmartAgentStatusList.java = JavaSrc\toolkit\bean\SmartAgentStatusList.java
		JavaSrc\toolkit\bean\SmartLicenseComplianceStatus.java = JavaSrc\toolkit\bean\SmartLicenseComplianceStatus.java
		JavaSrc\toolkit\bean\SmartLicenseEntitlement.java = JavaSrc\toolkit\bean\SmartLicenseEntitlement.java
		JavaSrc\toolkit\bean\SmartLicenseEntitlementList.java = JavaSrc\toolkit\bean\SmartLicenseEntitlementList.java
		JavaSrc\toolkit\bean\SmartLicenseInfo.java = JavaSrc\toolkit\bean\SmartLicenseInfo.java
		JavaSrc\toolkit\bean\SmartLicenseInfoList.java = JavaSrc\toolkit\bean\SmartLicenseInfoList.java
		JavaSrc\toolkit\bean\SmartLicenseProductInfo.java = JavaSrc\toolkit\bean\SmartLicenseProductInfo.java
		JavaSrc\toolkit\bean\SmartLicenseProductInfoList.java = JavaSrc\toolkit\bean\SmartLicenseProductInfoList.java
		JavaSrc\toolkit\bean\SmartLicenseServerInfo.java = JavaSrc\toolkit\bean\SmartLicenseServerInfo.java
		JavaSrc\toolkit\bean\SmartLicenseServerList.java = JavaSrc\toolkit\bean\SmartLicenseServerList.java
		JavaSrc\toolkit\bean\SmartLicenseStatus.java = JavaSrc\toolkit\bean\SmartLicenseStatus.java
		JavaSrc\toolkit\bean\SocialMinerCampaign.java = JavaSrc\toolkit\bean\SocialMinerCampaign.java
		JavaSrc\toolkit\bean\SocialMinerServiceability.java = JavaSrc\toolkit\bean\SocialMinerServiceability.java
		JavaSrc\toolkit\bean\SocialMinerVersion.java = JavaSrc\toolkit\bean\SocialMinerVersion.java
		JavaSrc\toolkit\bean\SpecialDaySchedule.java = JavaSrc\toolkit\bean\SpecialDaySchedule.java
		JavaSrc\toolkit\bean\SqlUser.java = JavaSrc\toolkit\bean\SqlUser.java
		JavaSrc\toolkit\bean\SsoComponentStatus.java = JavaSrc\toolkit\bean\SsoComponentStatus.java
		JavaSrc\toolkit\bean\SsoConfigBean.java = JavaSrc\toolkit\bean\SsoConfigBean.java
		JavaSrc\toolkit\bean\SsoGlobalEnabledState.java = JavaSrc\toolkit\bean\SsoGlobalEnabledState.java
		JavaSrc\toolkit\bean\SsoGlobalState.java = JavaSrc\toolkit\bean\SsoGlobalState.java
		JavaSrc\toolkit\bean\SsoLocalEnabledState.java = JavaSrc\toolkit\bean\SsoLocalEnabledState.java
		JavaSrc\toolkit\bean\SsoOperationState.java = JavaSrc\toolkit\bean\SsoOperationState.java
		JavaSrc\toolkit\bean\SsoStateBean.java = JavaSrc\toolkit\bean\SsoStateBean.java
		JavaSrc\toolkit\bean\SsoStatus.java = JavaSrc\toolkit\bean\SsoStatus.java
		JavaSrc\toolkit\bean\State.java = JavaSrc\toolkit\bean\State.java
		JavaSrc\toolkit\bean\StateEnum.java = JavaSrc\toolkit\bean\StateEnum.java
		JavaSrc\toolkit\bean\Stats.java = JavaSrc\toolkit\bean\Stats.java
		JavaSrc\toolkit\bean\Status.java = JavaSrc\toolkit\bean\Status.java
		JavaSrc\toolkit\bean\StatusResults.java = JavaSrc\toolkit\bean\StatusResults.java
		JavaSrc\toolkit\bean\StatusType.java = JavaSrc\toolkit\bean\StatusType.java
		JavaSrc\toolkit\bean\Step.java = JavaSrc\toolkit\bean\Step.java
		JavaSrc\toolkit\bean\StreamingConnectionParams.java = JavaSrc\toolkit\bean\StreamingConnectionParams.java
		JavaSrc\toolkit\bean\SupervisorUserInfo.java = JavaSrc\toolkit\bean\SupervisorUserInfo.java
		JavaSrc\toolkit\bean\Survey.java = JavaSrc\toolkit\bean\Survey.java
		JavaSrc\toolkit\bean\SurveyQuestion.java = JavaSrc\toolkit\bean\SurveyQuestion.java
		JavaSrc\toolkit\bean\SyncConfigBean.java = JavaSrc\toolkit\bean\SyncConfigBean.java
		JavaSrc\toolkit\bean\SyncStatus.java = JavaSrc\toolkit\bean\SyncStatus.java
		JavaSrc\toolkit\bean\SystemAttribute.java = JavaSrc\toolkit\bean\SystemAttribute.java
		JavaSrc\toolkit\bean\SystemDefinedReasonCodeList.java = JavaSrc\toolkit\bean\SystemDefinedReasonCodeList.java
		JavaSrc\toolkit\bean\SystemInfo.java = JavaSrc\toolkit\bean\SystemInfo.java
		JavaSrc\toolkit\bean\SystemParam.java = JavaSrc\toolkit\bean\SystemParam.java
		JavaSrc\toolkit\bean\SystemValidationApiErrorDetail.java = JavaSrc\toolkit\bean\SystemValidationApiErrorDetail.java
		JavaSrc\toolkit\bean\SystemValidationRuleResult.java = JavaSrc\toolkit\bean\SystemValidationRuleResult.java
		JavaSrc\toolkit\bean\SystemValidationStatus.java = JavaSrc\toolkit\bean\SystemValidationStatus.java
		JavaSrc\toolkit\bean\TargetInstanceRef.java = JavaSrc\toolkit\bean\TargetInstanceRef.java
		JavaSrc\toolkit\bean\TargetQueue.java = JavaSrc\toolkit\bean\TargetQueue.java
		JavaSrc\toolkit\bean\TaskStats.java = JavaSrc\toolkit\bean\TaskStats.java
		JavaSrc\toolkit\bean\Term.java = JavaSrc\toolkit\bean\Term.java
		JavaSrc\toolkit\bean\Timeout.java = JavaSrc\toolkit\bean\Timeout.java
		JavaSrc\toolkit\bean\Timestamp.java = JavaSrc\toolkit\bean\Timestamp.java
		JavaSrc\toolkit\bean\TimeZone.java = JavaSrc\toolkit\bean\TimeZone.java
		JavaSrc\toolkit\bean\TimeZoneList.java = JavaSrc\toolkit\bean\TimeZoneList.java
		JavaSrc\toolkit\bean\TimeZoneLocation.java = JavaSrc\toolkit\bean\TimeZoneLocation.java
		JavaSrc\toolkit\bean\TimeZoneLocationList.java = JavaSrc\toolkit\bean\TimeZoneLocationList.java
		JavaSrc\toolkit\bean\TimeZoneRef.java = JavaSrc\toolkit\bean\TimeZoneRef.java
		JavaSrc\toolkit\bean\TraceLevelEnum.java = JavaSrc\toolkit\bean\TraceLevelEnum.java
		JavaSrc\toolkit\bean\TraceLevels.java = JavaSrc\toolkit\bean\TraceLevels.java
		JavaSrc\toolkit\bean\TraceLevelsList.java = JavaSrc\toolkit\bean\TraceLevelsList.java
		JavaSrc\toolkit\bean\TraceMachine.java = JavaSrc\toolkit\bean\TraceMachine.java
		JavaSrc\toolkit\bean\TraceProcess.java = JavaSrc\toolkit\bean\TraceProcess.java
		JavaSrc\toolkit\bean\TtsServer.java = JavaSrc\toolkit\bean\TtsServer.java
		JavaSrc\toolkit\bean\TtsServerXMLList.java = JavaSrc\toolkit\bean\TtsServerXMLList.java
		JavaSrc\toolkit\bean\UcceVersion.java = JavaSrc\toolkit\bean\UcceVersion.java
		JavaSrc\toolkit\bean\User.java = JavaSrc\toolkit\bean\User.java
		JavaSrc\toolkit\bean\UserGroupBase.java = JavaSrc\toolkit\bean\UserGroupBase.java
		JavaSrc\toolkit\bean\UserIdentity.java = JavaSrc\toolkit\bean\UserIdentity.java
		JavaSrc\toolkit\bean\ValidObjects.java = JavaSrc\toolkit\bean\ValidObjects.java
		JavaSrc\toolkit\bean\ValueErrorDetail.java = JavaSrc\toolkit\bean\ValueErrorDetail.java
		JavaSrc\toolkit\bean\ValueListErrorDetail.java = JavaSrc\toolkit\bean\ValueListErrorDetail.java
		JavaSrc\toolkit\bean\VersionBase.java = JavaSrc\toolkit\bean\VersionBase.java
		JavaSrc\toolkit\bean\VersionInfo.java = JavaSrc\toolkit\bean\VersionInfo.java
		JavaSrc\toolkit\bean\VMAddress.java = JavaSrc\toolkit\bean\VMAddress.java
		JavaSrc\toolkit\bean\VMData.java = JavaSrc\toolkit\bean\VMData.java
		JavaSrc\toolkit\bean\VMDatastore.java = JavaSrc\toolkit\bean\VMDatastore.java
		JavaSrc\toolkit\bean\VMDatastoreData.java = JavaSrc\toolkit\bean\VMDatastoreData.java
		JavaSrc\toolkit\bean\VMHost.java = JavaSrc\toolkit\bean\VMHost.java
		JavaSrc\toolkit\bean\VMHostData.java = JavaSrc\toolkit\bean\VMHostData.java
		JavaSrc\toolkit\bean\VmHostErrorDetail.java = JavaSrc\toolkit\bean\VmHostErrorDetail.java
		JavaSrc\toolkit\bean\VMHostProfile.java = JavaSrc\toolkit\bean\VMHostProfile.java
		JavaSrc\toolkit\bean\VmLayoutErrorDetail.java = JavaSrc\toolkit\bean\VmLayoutErrorDetail.java
		JavaSrc\toolkit\bean\VMLayoutResult.java = JavaSrc\toolkit\bean\VMLayoutResult.java
		JavaSrc\toolkit\bean\VMProfile.java = JavaSrc\toolkit\bean\VMProfile.java
		JavaSrc\toolkit\bean\VMServerData.java = JavaSrc\toolkit\bean\VMServerData.java
		JavaSrc\toolkit\bean\VMValidationResult.java = JavaSrc\toolkit\bean\VMValidationResult.java
		JavaSrc\toolkit\bean\VruPG.java = JavaSrc\toolkit\bean\VruPG.java
		JavaSrc\toolkit\bean\VVBServer.java = JavaSrc\toolkit\bean\VVBServer.java
		JavaSrc\toolkit\bean\VXMLServiceConfig.java = JavaSrc\toolkit\bean\VXMLServiceConfig.java
		JavaSrc\toolkit\bean\WebsetupAW.java = JavaSrc\toolkit\bean\WebsetupAW.java
		JavaSrc\toolkit\bean\WebsetupCtiServer.java = JavaSrc\toolkit\bean\WebsetupCtiServer.java
		JavaSrc\toolkit\bean\WebsetupInstance.java = JavaSrc\toolkit\bean\WebsetupInstance.java
		JavaSrc\toolkit\bean\WebsetupInstanceList.java = JavaSrc\toolkit\bean\WebsetupInstanceList.java
		JavaSrc\toolkit\bean\WebsetupLogger.java = JavaSrc\toolkit\bean\WebsetupLogger.java
		JavaSrc\toolkit\bean\WebsetupPG.java = JavaSrc\toolkit\bean\WebsetupPG.java
		JavaSrc\toolkit\bean\WebsetupPim.java = JavaSrc\toolkit\bean\WebsetupPim.java
		JavaSrc\toolkit\bean\WebsetupRouter.java = JavaSrc\toolkit\bean\WebsetupRouter.java
		JavaSrc\toolkit\bean\WeekDaySchedule.java = JavaSrc\toolkit\bean\WeekDaySchedule.java
		JavaSrc\toolkit\bean\WrapUpReasonsConfig.java = JavaSrc\toolkit\bean\WrapUpReasonsConfig.java
	EndProjectSection
EndProject
Project("{2150E333-8FDC-42A3-9474-1A3956D46DE8}") = "Solution Items", "Solution Items", "{089100B1-113F-4E66-888A-E83F3999EAFD}"
	ProjectSection(SolutionItems) = preProject
		.gitignore = .gitignore
	EndProjectSection
EndProject
Project("{FAE04EC0-301F-11D3-BF4B-00C04F79EFBC}") = "PcceExamples", "PcceExamples\PcceExamples.csproj", "{4CE1E461-1091-49CC-8BD4-01D758C34D6B}"
EndProject
Global
	GlobalSection(SolutionConfigurationPlatforms) = preSolution
		Debug|Any CPU = Debug|Any CPU
		Release|Any CPU = Release|Any CPU
	EndGlobalSection
	GlobalSection(ProjectConfigurationPlatforms) = postSolution
		{99064223-1EA7-6A5B-20FB-4BA526356BD6}.Debug|Any CPU.ActiveCfg = Debug|Any CPU
		{99064223-1EA7-6A5B-20FB-4BA526356BD6}.Debug|Any CPU.Build.0 = Debug|Any CPU
		{99064223-1EA7-6A5B-20FB-4BA526356BD6}.Release|Any CPU.ActiveCfg = Release|Any CPU
		{99064223-1EA7-6A5B-20FB-4BA526356BD6}.Release|Any CPU.Build.0 = Release|Any CPU
		{4CE1E461-1091-49CC-8BD4-01D758C34D6B}.Debug|Any CPU.ActiveCfg = Debug|Any CPU
		{4CE1E461-1091-49CC-8BD4-01D758C34D6B}.Debug|Any CPU.Build.0 = Debug|Any CPU
		{4CE1E461-1091-49CC-8BD4-01D758C34D6B}.Release|Any CPU.ActiveCfg = Release|Any CPU
		{4CE1E461-1091-49CC-8BD4-01D758C34D6B}.Release|Any CPU.Build.0 = Release|Any CPU
	EndGlobalSection
	GlobalSection(SolutionProperties) = preSolution
		HideSolutionNode = FALSE
	EndGlobalSection
	GlobalSection(NestedProjects) = preSolution
		{FD777FDC-2AF1-4DBB-8298-684E55643927} = {8F2F9433-2581-454B-8208-04BBE1B07229}
		{3617A668-02CE-408D-A7EC-4E882D271C85} = {8F2F9433-2581-454B-8208-04BBE1B07229}
		{93D324BC-3E70-42C4-9182-18C470D290CD} = {8F2F9433-2581-454B-8208-04BBE1B07229}
		{1A8AB829-082B-4F80-9F86-C6DABD5FF5E1} = {FD777FDC-2AF1-4DBB-8298-684E55643927}
	EndGlobalSection
	GlobalSection(ExtensibilityGlobals) = postSolution
		SolutionGuid = {9307BB5D-E8E2-40A5-87BB-028054D0FBD3}
	EndGlobalSection
EndGlobal
